// !$*UTF8*$!
{
	archiveVersion = 1;
	classes = {
	};
	objectVersion = 50;
	objects = {

/* Begin PBXBuildFile section */
		DB4555B5247275500061D902 /* AppDelegate.swift in Sources */ = {isa = PBXBuildFile; fileRef = DB4555B4247275500061D902 /* AppDelegate.swift */; };
		DB4555B7247275500061D902 /* SceneDelegate.swift in Sources */ = {isa = PBXBuildFile; fileRef = DB4555B6247275500061D902 /* SceneDelegate.swift */; };
		DB4555BA247275500061D902 /* Bookworm.xcdatamodeld in Sources */ = {isa = PBXBuildFile; fileRef = DB4555B8247275500061D902 /* Bookworm.xcdatamodeld */; };
		DB4555BC247275500061D902 /* ContentView.swift in Sources */ = {isa = PBXBuildFile; fileRef = DB4555BB247275500061D902 /* ContentView.swift */; };
		DB4555BE247275520061D902 /* Assets.xcassets in Resources */ = {isa = PBXBuildFile; fileRef = DB4555BD247275520061D902 /* Assets.xcassets */; };
		DB4555C1247275520061D902 /* Preview Assets.xcassets in Resources */ = {isa = PBXBuildFile; fileRef = DB4555C0247275520061D902 /* Preview Assets.xcassets */; };
		DB4555C4247275520061D902 /* LaunchScreen.storyboard in Resources */ = {isa = PBXBuildFile; fileRef = DB4555C2247275520061D902 /* LaunchScreen.storyboard */; };
		DB4555CD247275840061D902 /* CustomComponentBinding.swift in Sources */ = {isa = PBXBuildFile; fileRef = DB4555CC247275840061D902 /* CustomComponentBinding.swift */; };
		DB4555CF247278330061D902 /* SizeClassesAnyView.swift in Sources */ = {isa = PBXBuildFile; fileRef = DB4555CE247278330061D902 /* SizeClassesAnyView.swift */; };
		DB4555D12472C3900061D902 /* CoreDataDemo.swift in Sources */ = {isa = PBXBuildFile; fileRef = DB4555D02472C3900061D902 /* CoreDataDemo.swift */; };
		DB7E826424740C9E00ED14F1 /* RatingView.swift in Sources */ = {isa = PBXBuildFile; fileRef = DB7E826324740C9E00ED14F1 /* RatingView.swift */; };
		DB7E82662474194700ED14F1 /* EmojiRatingView.swift in Sources */ = {isa = PBXBuildFile; fileRef = DB7E82652474194700ED14F1 /* EmojiRatingView.swift */; };
		DB848BD42473D4D000109FBB /* AddBookView.swift in Sources */ = {isa = PBXBuildFile; fileRef = DB848BD32473D4D000109FBB /* AddBookView.swift */; };
		DBD0DD61247563B20081E3EC /* DetailView.swift in Sources */ = {isa = PBXBuildFile; fileRef = DBD0DD60247563B20081E3EC /* DetailView.swift */; };
/* End PBXBuildFile section */

/* Begin PBXFileReference section */
		DB4555B1247275500061D902 /* Bookworm.app */ = {isa = PBXFileReference; explicitFileType = wrapper.application; includeInIndex = 0; path = Bookworm.app; sourceTree = BUILT_PRODUCTS_DIR; };
		DB4555B4247275500061D902 /* AppDelegate.swift */ = {isa = PBXFileReference; lastKnownFileType = sourcecode.swift; path = AppDelegate.swift; sourceTree = "<group>"; };
		DB4555B6247275500061D902 /* SceneDelegate.swift */ = {isa = PBXFileReference; lastKnownFileType = sourcecode.swift; path = SceneDelegate.swift; sourceTree = "<group>"; };
		DB4555B9247275500061D902 /* Bookworm.xcdatamodel */ = {isa = PBXFileReference; lastKnownFileType = wrapper.xcdatamodel; path = Bookworm.xcdatamodel; sourceTree = "<group>"; };
		DB4555BB247275500061D902 /* ContentView.swift */ = {isa = PBXFileReference; lastKnownFileType = sourcecode.swift; path = ContentView.swift; sourceTree = "<group>"; };
		DB4555BD247275520061D902 /* Assets.xcassets */ = {isa = PBXFileReference; lastKnownFileType = folder.assetcatalog; path = Assets.xcassets; sourceTree = "<group>"; };
		DB4555C0247275520061D902 /* Preview Assets.xcassets */ = {isa = PBXFileReference; lastKnownFileType = folder.assetcatalog; path = "Preview Assets.xcassets"; sourceTree = "<group>"; };
		DB4555C3247275520061D902 /* Base */ = {isa = PBXFileReference; lastKnownFileType = file.storyboard; name = Base; path = Base.lproj/LaunchScreen.storyboard; sourceTree = "<group>"; };
		DB4555C5247275520061D902 /* Info.plist */ = {isa = PBXFileReference; lastKnownFileType = text.plist.xml; path = Info.plist; sourceTree = "<group>"; };
		DB4555CC247275840061D902 /* CustomComponentBinding.swift */ = {isa = PBXFileReference; lastKnownFileType = sourcecode.swift; path = CustomComponentBinding.swift; sourceTree = "<group>"; };
		DB4555CE247278330061D902 /* SizeClassesAnyView.swift */ = {isa = PBXFileReference; lastKnownFileType = sourcecode.swift; path = SizeClassesAnyView.swift; sourceTree = "<group>"; };
		DB4555D02472C3900061D902 /* CoreDataDemo.swift */ = {isa = PBXFileReference; lastKnownFileType = sourcecode.swift; path = CoreDataDemo.swift; sourceTree = "<group>"; };
		DB7E826324740C9E00ED14F1 /* RatingView.swift */ = {isa = PBXFileReference; lastKnownFileType = sourcecode.swift; path = RatingView.swift; sourceTree = "<group>"; };
		DB7E82652474194700ED14F1 /* EmojiRatingView.swift */ = {isa = PBXFileReference; lastKnownFileType = sourcecode.swift; path = EmojiRatingView.swift; sourceTree = "<group>"; };
		DB848BD32473D4D000109FBB /* AddBookView.swift */ = {isa = PBXFileReference; lastKnownFileType = sourcecode.swift; path = AddBookView.swift; sourceTree = "<group>"; };
		DBD0DD60247563B20081E3EC /* DetailView.swift */ = {isa = PBXFileReference; lastKnownFileType = sourcecode.swift; path = DetailView.swift; sourceTree = "<group>"; };
/* End PBXFileReference section */

/* Begin PBXFrameworksBuildPhase section */
		DB4555AE247275500061D902 /* Frameworks */ = {
			isa = PBXFrameworksBuildPhase;
			buildActionMask = 2147483647;
			files = (
			);
			runOnlyForDeploymentPostprocessing = 0;
		};
/* End PBXFrameworksBuildPhase section */

/* Begin PBXGroup section */
		DB4555A8247275500061D902 = {
			isa = PBXGroup;
			children = (
				DB4555B3247275500061D902 /* Bookworm */,
				DB4555B2247275500061D902 /* Products */,
			);
			sourceTree = "<group>";
		};
		DB4555B2247275500061D902 /* Products */ = {
			isa = PBXGroup;
			children = (
				DB4555B1247275500061D902 /* Bookworm.app */,
			);
			name = Products;
			sourceTree = "<group>";
		};
		DB4555B3247275500061D902 /* Bookworm */ = {
			isa = PBXGroup;
			children = (
				DB848BD52473D4E400109FBB /* Views */,
				DB4555CB2472756F0061D902 /* Demo */,
				DB4555B4247275500061D902 /* AppDelegate.swift */,
				DB4555B6247275500061D902 /* SceneDelegate.swift */,
				DB4555BD247275520061D902 /* Assets.xcassets */,
				DB4555C2247275520061D902 /* LaunchScreen.storyboard */,
				DB4555C5247275520061D902 /* Info.plist */,
				DB4555B8247275500061D902 /* Bookworm.xcdatamodeld */,
				DB4555BF247275520061D902 /* Preview Content */,
			);
			path = Bookworm;
			sourceTree = "<group>";
		};
		DB4555BF247275520061D902 /* Preview Content */ = {
			isa = PBXGroup;
			children = (
				DB4555C0247275520061D902 /* Preview Assets.xcassets */,
			);
			path = "Preview Content";
			sourceTree = "<group>";
		};
		DB4555CB2472756F0061D902 /* Demo */ = {
			isa = PBXGroup;
			children = (
				DB4555CC247275840061D902 /* CustomComponentBinding.swift */,
				DB4555CE247278330061D902 /* SizeClassesAnyView.swift */,
				DB4555D02472C3900061D902 /* CoreDataDemo.swift */,
			);
			path = Demo;
			sourceTree = "<group>";
		};
		DB848BD52473D4E400109FBB /* Views */ = {
			isa = PBXGroup;
			children = (
				DB4555BB247275500061D902 /* ContentView.swift */,
				DB848BD32473D4D000109FBB /* AddBookView.swift */,
				DB7E826324740C9E00ED14F1 /* RatingView.swift */,
				DB7E82652474194700ED14F1 /* EmojiRatingView.swift */,
				DBD0DD60247563B20081E3EC /* DetailView.swift */,
			);
			path = Views;
			sourceTree = "<group>";
		};
/* End PBXGroup section */

/* Begin PBXNativeTarget section */
		DB4555B0247275500061D902 /* Bookworm */ = {
			isa = PBXNativeTarget;
			buildConfigurationList = DB4555C8247275520061D902 /* Build configuration list for PBXNativeTarget "Bookworm" */;
			buildPhases = (
				DB4555AD247275500061D902 /* Sources */,
				DB4555AE247275500061D902 /* Frameworks */,
				DB4555AF247275500061D902 /* Resources */,
			);
			buildRules = (
			);
			dependencies = (
			);
			name = Bookworm;
			productName = Bookworm;
			productReference = DB4555B1247275500061D902 /* Bookworm.app */;
			productType = "com.apple.product-type.application";
		};
/* End PBXNativeTarget section */

/* Begin PBXProject section */
		DB4555A9247275500061D902 /* Project object */ = {
			isa = PBXProject;
			attributes = {
				LastSwiftUpdateCheck = 1140;
				LastUpgradeCheck = 1140;
				ORGANIZATIONNAME = "Victor Rolando Sanchez Jara";
				TargetAttributes = {
					DB4555B0247275500061D902 = {
						CreatedOnToolsVersion = 11.4.1;
					};
				};
			};
			buildConfigurationList = DB4555AC247275500061D902 /* Build configuration list for PBXProject "Bookworm" */;
			compatibilityVersion = "Xcode 9.3";
			developmentRegion = en;
			hasScannedForEncodings = 0;
			knownRegions = (
				en,
				Base,
			);
			mainGroup = DB4555A8247275500061D902;
			productRefGroup = DB4555B2247275500061D902 /* Products */;
			projectDirPath = "";
			projectRoot = "";
			targets = (
				DB4555B0247275500061D902 /* Bookworm */,
			);
		};
/* End PBXProject section */

/* Begin PBXResourcesBuildPhase section */
		DB4555AF247275500061D902 /* Resources */ = {
			isa = PBXResourcesBuildPhase;
			buildActionMask = 2147483647;
			files = (
				DB4555C4247275520061D902 /* LaunchScreen.storyboard in Resources */,
				DB4555C1247275520061D902 /* Preview Assets.xcassets in Resources */,
				DB4555BE247275520061D902 /* Assets.xcassets in Resources */,
			);
			runOnlyForDeploymentPostprocessing = 0;
		};
/* End PBXResourcesBuildPhase section */

/* Begin PBXSourcesBuildPhase section */
		DB4555AD247275500061D902 /* Sources */ = {
			isa = PBXSourcesBuildPhase;
			buildActionMask = 2147483647;
			files = (
				DB7E82662474194700ED14F1 /* EmojiRatingView.swift in Sources */,
				DB4555B5247275500061D902 /* AppDelegate.swift in Sources */,
				DB4555CD247275840061D902 /* CustomComponentBinding.swift in Sources */,
				DB4555D12472C3900061D902 /* CoreDataDemo.swift in Sources */,
				DB7E826424740C9E00ED14F1 /* RatingView.swift in Sources */,
				DBD0DD61247563B20081E3EC /* DetailView.swift in Sources */,
				DB848BD42473D4D000109FBB /* AddBookView.swift in Sources */,
				DB4555BA247275500061D902 /* Bookworm.xcdatamodeld in Sources */,
				DB4555CF247278330061D902 /* SizeClassesAnyView.swift in Sources */,
				DB4555BC247275500061D902 /* ContentView.swift in Sources */,
				DB4555B7247275500061D902 /* SceneDelegate.swift in Sources */,
			);
			runOnlyForDeploymentPostprocessing = 0;
		};
/* End PBXSourcesBuildPhase section */

/* Begin PBXVariantGroup section */
		DB4555C2247275520061D902 /* LaunchScreen.storyboard */ = {
			isa = PBXVariantGroup;
			children = (
				DB4555C3247275520061D902 /* Base */,
			);
			name = LaunchScreen.storyboard;
			sourceTree = "<group>";
		};
/* End PBXVariantGroup section */

/* Begin XCBuildConfiguration section */
		DB4555C6247275520061D902 /* Debug */ = {
			isa = XCBuildConfiguration;
			buildSettings = {
				ALWAYS_SEARCH_USER_PATHS = NO;
				CLANG_ANALYZER_NONNULL = YES;
				CLANG_ANALYZER_NUMBER_OBJECT_CONVERSION = YES_AGGRESSIVE;
				CLANG_CXX_LANGUAGE_STANDARD = "gnu++14";
				CLANG_CXX_LIBRARY = "libc++";
				CLANG_ENABLE_MODULES = YES;
				CLANG_ENABLE_OBJC_ARC = YES;
				CLANG_ENABLE_OBJC_WEAK = YES;
				CLANG_WARN_BLOCK_CAPTURE_AUTORELEASING = YES;
				CLANG_WARN_BOOL_CONVERSION = YES;
				CLANG_WARN_COMMA = YES;
				CLANG_WARN_CONSTANT_CONVERSION = YES;
				CLANG_WARN_DEPRECATED_OBJC_IMPLEMENTATIONS = YES;
				CLANG_WARN_DIRECT_OBJC_ISA_USAGE = YES_ERROR;
				CLANG_WARN_DOCUMENTATION_COMMENTS = YES;
				CLANG_WARN_EMPTY_BODY = YES;
				CLANG_WARN_ENUM_CONVERSION = YES;
				CLANG_WARN_INFINITE_RECURSION = YES;
				CLANG_WARN_INT_CONVERSION = YES;
				CLANG_WARN_NON_LITERAL_NULL_CONVERSION = YES;
				CLANG_WARN_OBJC_IMPLICIT_RETAIN_SELF = YES;
				CLANG_WARN_OBJC_LITERAL_CONVERSION = YES;
				CLANG_WARN_OBJC_ROOT_CLASS = YES_ERROR;
				CLANG_WARN_RANGE_LOOP_ANALYSIS = YES;
				CLANG_WARN_STRICT_PROTOTYPES = YES;
				CLANG_WARN_SUSPICIOUS_MOVE = YES;
				CLANG_WARN_UNGUARDED_AVAILABILITY = YES_AGGRESSIVE;
				CLANG_WARN_UNREACHABLE_CODE = YES;
				CLANG_WARN__DUPLICATE_METHOD_MATCH = YES;
				COPY_PHASE_STRIP = NO;
				DEBUG_INFORMATION_FORMAT = dwarf;
				ENABLE_STRICT_OBJC_MSGSEND = YES;
				ENABLE_TESTABILITY = YES;
				GCC_C_LANGUAGE_STANDARD = gnu11;
				GCC_DYNAMIC_NO_PIC = NO;
				GCC_NO_COMMON_BLOCKS = YES;
				GCC_OPTIMIZATION_LEVEL = 0;
				GCC_PREPROCESSOR_DEFINITIONS = (
					"DEBUG=1",
					"$(inherited)",
				);
				GCC_WARN_64_TO_32_BIT_CONVERSION = YES;
				GCC_WARN_ABOUT_RETURN_TYPE = YES_ERROR;
				GCC_WARN_UNDECLARED_SELECTOR = YES;
				GCC_WARN_UNINITIALIZED_AUTOS = YES_AGGRESSIVE;
				GCC_WARN_UNUSED_FUNCTION = YES;
				GCC_WARN_UNUSED_VARIABLE = YES;
				IPHONEOS_DEPLOYMENT_TARGET = 13.4;
				MTL_ENABLE_DEBUG_INFO = INCLUDE_SOURCE;
				MTL_FAST_MATH = YES;
				ONLY_ACTIVE_ARCH = YES;
				SDKROOT = iphoneos;
				SWIFT_ACTIVE_COMPILATION_CONDITIONS = DEBUG;
				SWIFT_OPTIMIZATION_LEVEL = "-Onone";
			};
			name = Debug;
		};
		DB4555C7247275520061D902 /* Release */ = {
			isa = XCBuildConfiguration;
			buildSettings = {
				ALWAYS_SEARCH_USER_PATHS = NO;
				CLANG_ANALYZER_NONNULL = YES;
				CLANG_ANALYZER_NUMBER_OBJECT_CONVERSION = YES_AGGRESSIVE;
				CLANG_CXX_LANGUAGE_STANDARD = "gnu++14";
				CLANG_CXX_LIBRARY = "libc++";
				CLANG_ENABLE_MODULES = YES;
				CLANG_ENABLE_OBJC_ARC = YES;
				CLANG_ENABLE_OBJC_WEAK = YES;
				CLANG_WARN_BLOCK_CAPTURE_AUTORELEASING = YES;
				CLANG_WARN_BOOL_CONVERSION = YES;
				CLANG_WARN_COMMA = YES;
				CLANG_WARN_CONSTANT_CONVERSION = YES;
				CLANG_WARN_DEPRECATED_OBJC_IMPLEMENTATIONS = YES;
				CLANG_WARN_DIRECT_OBJC_ISA_USAGE = YES_ERROR;
				CLANG_WARN_DOCUMENTATION_COMMENTS = YES;
				CLANG_WARN_EMPTY_BODY = YES;
				CLANG_WARN_ENUM_CONVERSION = YES;
				CLANG_WARN_INFINITE_RECURSION = YES;
				CLANG_WARN_INT_CONVERSION = YES;
				CLANG_WARN_NON_LITERAL_NULL_CONVERSION = YES;
				CLANG_WARN_OBJC_IMPLICIT_RETAIN_SELF = YES;
				CLANG_WARN_OBJC_LITERAL_CONVERSION = YES;
				CLANG_WARN_OBJC_ROOT_CLASS = YES_ERROR;
				CLANG_WARN_RANGE_LOOP_ANALYSIS = YES;
				CLANG_WARN_STRICT_PROTOTYPES = YES;
				CLANG_WARN_SUSPICIOUS_MOVE = YES;
				CLANG_WARN_UNGUARDED_AVAILABILITY = YES_AGGRESSIVE;
				CLANG_WARN_UNREACHABLE_CODE = YES;
				CLANG_WARN__DUPLICATE_METHOD_MATCH = YES;
				COPY_PHASE_STRIP = NO;
				DEBUG_INFORMATION_FORMAT = "dwarf-with-dsym";
				ENABLE_NS_ASSERTIONS = NO;
				ENABLE_STRICT_OBJC_MSGSEND = YES;
				GCC_C_LANGUAGE_STANDARD = gnu11;
				GCC_NO_COMMON_BLOCKS = YES;
				GCC_WARN_64_TO_32_BIT_CONVERSION = YES;
				GCC_WARN_ABOUT_RETURN_TYPE = YES_ERROR;
				GCC_WARN_UNDECLARED_SELECTOR = YES;
				GCC_WARN_UNINITIALIZED_AUTOS = YES_AGGRESSIVE;
				GCC_WARN_UNUSED_FUNCTION = YES;
				GCC_WARN_UNUSED_VARIABLE = YES;
				IPHONEOS_DEPLOYMENT_TARGET = 13.4;
				MTL_ENABLE_DEBUG_INFO = NO;
				MTL_FAST_MATH = YES;
				SDKROOT = iphoneos;
				SWIFT_COMPILATION_MODE = wholemodule;
				SWIFT_OPTIMIZATION_LEVEL = "-O";
				VALIDATE_PRODUCT = YES;
			};
			name = Release;
		};
		DB4555C9247275520061D902 /* Debug */ = {
			isa = XCBuildConfiguration;
			buildSettings = {
				ASSETCATALOG_COMPILER_APPICON_NAME = AppIcon;
				CODE_SIGN_STYLE = Automatic;
				DEVELOPMENT_ASSET_PATHS = "\"Bookworm/Preview Content\"";
				DEVELOPMENT_TEAM = 3GGDA583PP;
				ENABLE_PREVIEWS = YES;
				INFOPLIST_FILE = Bookworm/Info.plist;
				LD_RUNPATH_SEARCH_PATHS = (
					"$(inherited)",
					"@executable_path/Frameworks",
				);
				PRODUCT_BUNDLE_IDENTIFIER = com.vrsj.Bookworm;
				PRODUCT_NAME = "$(TARGET_NAME)";
				SWIFT_VERSION = 5.0;
				TARGETED_DEVICE_FAMILY = "1,2";
			};
			name = Debug;
		};
		DB4555CA247275520061D902 /* Release */ = {
			isa = XCBuildConfiguration;
			buildSettings = {
				ASSETCATALOG_COMPILER_APPICON_NAME = AppIcon;
				CODE_SIGN_STYLE = Automatic;
				DEVELOPMENT_ASSET_PATHS = "\"Bookworm/Preview Content\"";
				DEVELOPMENT_TEAM = 3GGDA583PP;
				ENABLE_PREVIEWS = YES;
				INFOPLIST_FILE = Bookworm/Info.plist;
				LD_RUNPATH_SEARCH_PATHS = (
					"$(inherited)",
					"@executable_path/Frameworks",
				);
				PRODUCT_BUNDLE_IDENTIFIER = com.vrsj.Bookworm;
				PRODUCT_NAME = "$(TARGET_NAME)";
				SWIFT_VERSION = 5.0;
				TARGETED_DEVICE_FAMILY = "1,2";
			};
			name = Release;
		};
/* End XCBuildConfiguration section */

/* Begin XCConfigurationList section */
		DB4555AC247275500061D902 /* Build configuration list for PBXProject "Bookworm" */ = {
			isa = XCConfigurationList;
			buildConfigurations = (
				DB4555C6247275520061D902 /* Debug */,
				DB4555C7247275520061D902 /* Release */,
			);
			defaultConfigurationIsVisible = 0;
			defaultConfigurationName = Release;
		};
		DB4555C8247275520061D902 /* Build configuration list for PBXNativeTarget "Bookworm" */ = {
			isa = XCConfigurationList;
			buildConfigurations = (
				DB4555C9247275520061D902 /* Debug */,
				DB4555CA247275520061D902 /* Release */,
			);
			defaultConfigurationIsVisible = 0;
			defaultConfigurationName = Release;
		};
/* End XCConfigurationList section */

/* Begin XCVersionGroup section */
		DB4555B8247275500061D902 /* Bookworm.xcdatamodeld */ = {
			isa = XCVersionGroup;
			children = (
				DB4555B9247275500061D902 /* Bookworm.xcdatamodel */,
			);
			currentVersion = DB4555B9247275500061D902 /* Bookworm.xcdatamodel */;
			path = Bookworm.xcdatamodeld;
			sourceTree = "<group>";
			versionGroupType = wrapper.xcdatamodel;
		};
/* End XCVersionGroup section */
	};
	rootObject = DB4555A9247275500061D902 /* Project object */;
}
