// !$*UTF8*$!
{
	archiveVersion = 1;
	classes = {
	};
	objectVersion = 50;
	objects = {

/* Begin PBXBuildFile section */
		DBFE291A2452B1BA00B4D198 /* AppDelegate.swift in Sources */ = {isa = PBXBuildFile; fileRef = DBFE29192452B1BA00B4D198 /* AppDelegate.swift */; };
		DBFE291C2452B1BA00B4D198 /* SceneDelegate.swift in Sources */ = {isa = PBXBuildFile; fileRef = DBFE291B2452B1BA00B4D198 /* SceneDelegate.swift */; };
		DBFE291E2452B1BA00B4D198 /* ContentView.swift in Sources */ = {isa = PBXBuildFile; fileRef = DBFE291D2452B1BA00B4D198 /* ContentView.swift */; };
		DBFE29202452B1BB00B4D198 /* Assets.xcassets in Resources */ = {isa = PBXBuildFile; fileRef = DBFE291F2452B1BB00B4D198 /* Assets.xcassets */; };
		DBFE29232452B1BB00B4D198 /* Preview Assets.xcassets in Resources */ = {isa = PBXBuildFile; fileRef = DBFE29222452B1BB00B4D198 /* Preview Assets.xcassets */; };
		DBFE29262452B1BB00B4D198 /* LaunchScreen.storyboard in Resources */ = {isa = PBXBuildFile; fileRef = DBFE29242452B1BB00B4D198 /* LaunchScreen.storyboard */; };
/* End PBXBuildFile section */

/* Begin PBXFileReference section */
		DBFE29162452B1BA00B4D198 /* BetterRest.app */ = {isa = PBXFileReference; explicitFileType = wrapper.application; includeInIndex = 0; path = BetterRest.app; sourceTree = BUILT_PRODUCTS_DIR; };
		DBFE29192452B1BA00B4D198 /* AppDelegate.swift */ = {isa = PBXFileReference; lastKnownFileType = sourcecode.swift; path = AppDelegate.swift; sourceTree = "<group>"; };
		DBFE291B2452B1BA00B4D198 /* SceneDelegate.swift */ = {isa = PBXFileReference; lastKnownFileType = sourcecode.swift; path = SceneDelegate.swift; sourceTree = "<group>"; };
		DBFE291D2452B1BA00B4D198 /* ContentView.swift */ = {isa = PBXFileReference; lastKnownFileType = sourcecode.swift; path = ContentView.swift; sourceTree = "<group>"; };
		DBFE291F2452B1BB00B4D198 /* Assets.xcassets */ = {isa = PBXFileReference; lastKnownFileType = folder.assetcatalog; path = Assets.xcassets; sourceTree = "<group>"; };
		DBFE29222452B1BB00B4D198 /* Preview Assets.xcassets */ = {isa = PBXFileReference; lastKnownFileType = folder.assetcatalog; path = "Preview Assets.xcassets"; sourceTree = "<group>"; };
		DBFE29252452B1BB00B4D198 /* Base */ = {isa = PBXFileReference; lastKnownFileType = file.storyboard; name = Base; path = Base.lproj/LaunchScreen.storyboard; sourceTree = "<group>"; };
		DBFE29272452B1BB00B4D198 /* Info.plist */ = {isa = PBXFileReference; lastKnownFileType = text.plist.xml; path = Info.plist; sourceTree = "<group>"; };
/* End PBXFileReference section */

/* Begin PBXFrameworksBuildPhase section */
		DBFE29132452B1BA00B4D198 /* Frameworks */ = {
			isa = PBXFrameworksBuildPhase;
			buildActionMask = 2147483647;
			files = (
			);
			runOnlyForDeploymentPostprocessing = 0;
		};
/* End PBXFrameworksBuildPhase section */

/* Begin PBXGroup section */
		DBFE290D2452B1BA00B4D198 = {
			isa = PBXGroup;
			children = (
				DBFE29182452B1BA00B4D198 /* BetterRest */,
				DBFE29172452B1BA00B4D198 /* Products */,
			);
			sourceTree = "<group>";
		};
		DBFE29172452B1BA00B4D198 /* Products */ = {
			isa = PBXGroup;
			children = (
				DBFE29162452B1BA00B4D198 /* BetterRest.app */,
			);
			name = Products;
			sourceTree = "<group>";
		};
		DBFE29182452B1BA00B4D198 /* BetterRest */ = {
			isa = PBXGroup;
			children = (
				DBFE29192452B1BA00B4D198 /* AppDelegate.swift */,
				DBFE291B2452B1BA00B4D198 /* SceneDelegate.swift */,
				DBFE291D2452B1BA00B4D198 /* ContentView.swift */,
				DBFE291F2452B1BB00B4D198 /* Assets.xcassets */,
				DBFE29242452B1BB00B4D198 /* LaunchScreen.storyboard */,
				DBFE29272452B1BB00B4D198 /* Info.plist */,
				DBFE29212452B1BB00B4D198 /* Preview Content */,
			);
			path = BetterRest;
			sourceTree = "<group>";
		};
		DBFE29212452B1BB00B4D198 /* Preview Content */ = {
			isa = PBXGroup;
			children = (
				DBFE29222452B1BB00B4D198 /* Preview Assets.xcassets */,
			);
			path = "Preview Content";
			sourceTree = "<group>";
		};
/* End PBXGroup section */

/* Begin PBXNativeTarget section */
		DBFE29152452B1BA00B4D198 /* BetterRest */ = {
			isa = PBXNativeTarget;
			buildConfigurationList = DBFE292A2452B1BB00B4D198 /* Build configuration list for PBXNativeTarget "BetterRest" */;
			buildPhases = (
				DBFE29122452B1BA00B4D198 /* Sources */,
				DBFE29132452B1BA00B4D198 /* Frameworks */,
				DBFE29142452B1BA00B4D198 /* Resources */,
			);
			buildRules = (
			);
			dependencies = (
			);
			name = BetterRest;
			productName = BetterRest;
			productReference = DBFE29162452B1BA00B4D198 /* BetterRest.app */;
			productType = "com.apple.product-type.application";
		};
/* End PBXNativeTarget section */

/* Begin PBXProject section */
		DBFE290E2452B1BA00B4D198 /* Project object */ = {
			isa = PBXProject;
			attributes = {
				LastSwiftUpdateCheck = 1140;
				LastUpgradeCheck = 1140;
				ORGANIZATIONNAME = "Victor Rolando Sanchez Jara";
				TargetAttributes = {
					DBFE29152452B1BA00B4D198 = {
						CreatedOnToolsVersion = 11.4;
					};
				};
			};
			buildConfigurationList = DBFE29112452B1BA00B4D198 /* Build configuration list for PBXProject "BetterRest" */;
			compatibilityVersion = "Xcode 9.3";
			developmentRegion = en;
			hasScannedForEncodings = 0;
			knownRegions = (
				en,
				Base,
			);
			mainGroup = DBFE290D2452B1BA00B4D198;
			productRefGroup = DBFE29172452B1BA00B4D198 /* Products */;
			projectDirPath = "";
			projectRoot = "";
			targets = (
				DBFE29152452B1BA00B4D198 /* BetterRest */,
			);
		};
/* End PBXProject section */

/* Begin PBXResourcesBuildPhase section */
		DBFE29142452B1BA00B4D198 /* Resources */ = {
			isa = PBXResourcesBuildPhase;
			buildActionMask = 2147483647;
			files = (
				DBFE29262452B1BB00B4D198 /* LaunchScreen.storyboard in Resources */,
				DBFE29232452B1BB00B4D198 /* Preview Assets.xcassets in Resources */,
				DBFE29202452B1BB00B4D198 /* Assets.xcassets in Resources */,
			);
			runOnlyForDeploymentPostprocessing = 0;
		};
/* End PBXResourcesBuildPhase section */

/* Begin PBXSourcesBuildPhase section */
		DBFE29122452B1BA00B4D198 /* Sources */ = {
			isa = PBXSourcesBuildPhase;
			buildActionMask = 2147483647;
			files = (
				DBFE291A2452B1BA00B4D198 /* AppDelegate.swift in Sources */,
				DBFE291C2452B1BA00B4D198 /* SceneDelegate.swift in Sources */,
				DBFE291E2452B1BA00B4D198 /* ContentView.swift in Sources */,
			);
			runOnlyForDeploymentPostprocessing = 0;
		};
/* End PBXSourcesBuildPhase section */

/* Begin PBXVariantGroup section */
		DBFE29242452B1BB00B4D198 /* LaunchScreen.storyboard */ = {
			isa = PBXVariantGroup;
			children = (
				DBFE29252452B1BB00B4D198 /* Base */,
			);
			name = LaunchScreen.storyboard;
			sourceTree = "<group>";
		};
/* End PBXVariantGroup section */

/* Begin XCBuildConfiguration section */
		DBFE29282452B1BB00B4D198 /* Debug */ = {
			isa = XCBuildConfiguration;
			buildSettings = {
				ALWAYS_SEARCH_USER_PATHS = NO;
				CLANG_ANALYZER_NONNULL = YES;
				CLANG_ANALYZER_NUMBER_OBJECT_CONVERSION = YES_AGGRESSIVE;
				CLANG_CXX_LANGUAGE_STANDARD = "gnu++14";
				CLANG_CXX_LIBRARY = "libc++";
				CLANG_ENABLE_MODULES = YES;
				CLANG_ENABLE_OBJC_ARC = YES;
				CLANG_ENABLE_OBJC_WEAK = YES;
				CLANG_WARN_BLOCK_CAPTURE_AUTORELEASING = YES;
				CLANG_WARN_BOOL_CONVERSION = YES;
				CLANG_WARN_COMMA = YES;
				CLANG_WARN_CONSTANT_CONVERSION = YES;
				CLANG_WARN_DEPRECATED_OBJC_IMPLEMENTATIONS = YES;
				CLANG_WARN_DIRECT_OBJC_ISA_USAGE = YES_ERROR;
				CLANG_WARN_DOCUMENTATION_COMMENTS = YES;
				CLANG_WARN_EMPTY_BODY = YES;
				CLANG_WARN_ENUM_CONVERSION = YES;
				CLANG_WARN_INFINITE_RECURSION = YES;
				CLANG_WARN_INT_CONVERSION = YES;
				CLANG_WARN_NON_LITERAL_NULL_CONVERSION = YES;
				CLANG_WARN_OBJC_IMPLICIT_RETAIN_SELF = YES;
				CLANG_WARN_OBJC_LITERAL_CONVERSION = YES;
				CLANG_WARN_OBJC_ROOT_CLASS = YES_ERROR;
				CLANG_WARN_RANGE_LOOP_ANALYSIS = YES;
				CLANG_WARN_STRICT_PROTOTYPES = YES;
				CLANG_WARN_SUSPICIOUS_MOVE = YES;
				CLANG_WARN_UNGUARDED_AVAILABILITY = YES_AGGRESSIVE;
				CLANG_WARN_UNREACHABLE_CODE = YES;
				CLANG_WARN__DUPLICATE_METHOD_MATCH = YES;
				COPY_PHASE_STRIP = NO;
				DEBUG_INFORMATION_FORMAT = dwarf;
				ENABLE_STRICT_OBJC_MSGSEND = YES;
				ENABLE_TESTABILITY = YES;
				GCC_C_LANGUAGE_STANDARD = gnu11;
				GCC_DYNAMIC_NO_PIC = NO;
				GCC_NO_COMMON_BLOCKS = YES;
				GCC_OPTIMIZATION_LEVEL = 0;
				GCC_PREPROCESSOR_DEFINITIONS = (
					"DEBUG=1",
					"$(inherited)",
				);
				GCC_WARN_64_TO_32_BIT_CONVERSION = YES;
				GCC_WARN_ABOUT_RETURN_TYPE = YES_ERROR;
				GCC_WARN_UNDECLARED_SELECTOR = YES;
				GCC_WARN_UNINITIALIZED_AUTOS = YES_AGGRESSIVE;
				GCC_WARN_UNUSED_FUNCTION = YES;
				GCC_WARN_UNUSED_VARIABLE = YES;
				IPHONEOS_DEPLOYMENT_TARGET = 13.4;
				MTL_ENABLE_DEBUG_INFO = INCLUDE_SOURCE;
				MTL_FAST_MATH = YES;
				ONLY_ACTIVE_ARCH = YES;
				SDKROOT = iphoneos;
				SWIFT_ACTIVE_COMPILATION_CONDITIONS = DEBUG;
				SWIFT_OPTIMIZATION_LEVEL = "-Onone";
			};
			name = Debug;
		};
		DBFE29292452B1BB00B4D198 /* Release */ = {
			isa = XCBuildConfiguration;
			buildSettings = {
				ALWAYS_SEARCH_USER_PATHS = NO;
				CLANG_ANALYZER_NONNULL = YES;
				CLANG_ANALYZER_NUMBER_OBJECT_CONVERSION = YES_AGGRESSIVE;
				CLANG_CXX_LANGUAGE_STANDARD = "gnu++14";
				CLANG_CXX_LIBRARY = "libc++";
				CLANG_ENABLE_MODULES = YES;
				CLANG_ENABLE_OBJC_ARC = YES;
				CLANG_ENABLE_OBJC_WEAK = YES;
				CLANG_WARN_BLOCK_CAPTURE_AUTORELEASING = YES;
				CLANG_WARN_BOOL_CONVERSION = YES;
				CLANG_WARN_COMMA = YES;
				CLANG_WARN_CONSTANT_CONVERSION = YES;
				CLANG_WARN_DEPRECATED_OBJC_IMPLEMENTATIONS = YES;
				CLANG_WARN_DIRECT_OBJC_ISA_USAGE = YES_ERROR;
				CLANG_WARN_DOCUMENTATION_COMMENTS = YES;
				CLANG_WARN_EMPTY_BODY = YES;
				CLANG_WARN_ENUM_CONVERSION = YES;
				CLANG_WARN_INFINITE_RECURSION = YES;
				CLANG_WARN_INT_CONVERSION = YES;
				CLANG_WARN_NON_LITERAL_NULL_CONVERSION = YES;
				CLANG_WARN_OBJC_IMPLICIT_RETAIN_SELF = YES;
				CLANG_WARN_OBJC_LITERAL_CONVERSION = YES;
				CLANG_WARN_OBJC_ROOT_CLASS = YES_ERROR;
				CLANG_WARN_RANGE_LOOP_ANALYSIS = YES;
				CLANG_WARN_STRICT_PROTOTYPES = YES;
				CLANG_WARN_SUSPICIOUS_MOVE = YES;
				CLANG_WARN_UNGUARDED_AVAILABILITY = YES_AGGRESSIVE;
				CLANG_WARN_UNREACHABLE_CODE = YES;
				CLANG_WARN__DUPLICATE_METHOD_MATCH = YES;
				COPY_PHASE_STRIP = NO;
				DEBUG_INFORMATION_FORMAT = "dwarf-with-dsym";
				ENABLE_NS_ASSERTIONS = NO;
				ENABLE_STRICT_OBJC_MSGSEND = YES;
				GCC_C_LANGUAGE_STANDARD = gnu11;
				GCC_NO_COMMON_BLOCKS = YES;
				GCC_WARN_64_TO_32_BIT_CONVERSION = YES;
				GCC_WARN_ABOUT_RETURN_TYPE = YES_ERROR;
				GCC_WARN_UNDECLARED_SELECTOR = YES;
				GCC_WARN_UNINITIALIZED_AUTOS = YES_AGGRESSIVE;
				GCC_WARN_UNUSED_FUNCTION = YES;
				GCC_WARN_UNUSED_VARIABLE = YES;
				IPHONEOS_DEPLOYMENT_TARGET = 13.4;
				MTL_ENABLE_DEBUG_INFO = NO;
				MTL_FAST_MATH = YES;
				SDKROOT = iphoneos;
				SWIFT_COMPILATION_MODE = wholemodule;
				SWIFT_OPTIMIZATION_LEVEL = "-O";
				VALIDATE_PRODUCT = YES;
			};
			name = Release;
		};
		DBFE292B2452B1BB00B4D198 /* Debug */ = {
			isa = XCBuildConfiguration;
			buildSettings = {
				ASSETCATALOG_COMPILER_APPICON_NAME = AppIcon;
				CODE_SIGN_STYLE = Automatic;
				DEVELOPMENT_ASSET_PATHS = "\"BetterRest/Preview Content\"";
				DEVELOPMENT_TEAM = 3GGDA583PP;
				ENABLE_PREVIEWS = YES;
				INFOPLIST_FILE = BetterRest/Info.plist;
				LD_RUNPATH_SEARCH_PATHS = (
					"$(inherited)",
					"@executable_path/Frameworks",
				);
				PRODUCT_BUNDLE_IDENTIFIER = com.vrsj.BetterRest;
				PRODUCT_NAME = "$(TARGET_NAME)";
				SWIFT_VERSION = 5.0;
				TARGETED_DEVICE_FAMILY = "1,2";
			};
			name = Debug;
		};
		DBFE292C2452B1BB00B4D198 /* Release */ = {
			isa = XCBuildConfiguration;
			buildSettings = {
				ASSETCATALOG_COMPILER_APPICON_NAME = AppIcon;
				CODE_SIGN_STYLE = Automatic;
				DEVELOPMENT_ASSET_PATHS = "\"BetterRest/Preview Content\"";
				DEVELOPMENT_TEAM = 3GGDA583PP;
				ENABLE_PREVIEWS = YES;
				INFOPLIST_FILE = BetterRest/Info.plist;
				LD_RUNPATH_SEARCH_PATHS = (
					"$(inherited)",
					"@executable_path/Frameworks",
				);
				PRODUCT_BUNDLE_IDENTIFIER = com.vrsj.BetterRest;
				PRODUCT_NAME = "$(TARGET_NAME)";
				SWIFT_VERSION = 5.0;
				TARGETED_DEVICE_FAMILY = "1,2";
			};
			name = Release;
		};
/* End XCBuildConfiguration section */

/* Begin XCConfigurationList section */
		DBFE29112452B1BA00B4D198 /* Build configuration list for PBXProject "BetterRest" */ = {
			isa = XCConfigurationList;
			buildConfigurations = (
				DBFE29282452B1BB00B4D198 /* Debug */,
				DBFE29292452B1BB00B4D198 /* Release */,
			);
			defaultConfigurationIsVisible = 0;
			defaultConfigurationName = Release;
		};
		DBFE292A2452B1BB00B4D198 /* Build configuration list for PBXNativeTarget "BetterRest" */ = {
			isa = XCConfigurationList;
			buildConfigurations = (
				DBFE292B2452B1BB00B4D198 /* Debug */,
				DBFE292C2452B1BB00B4D198 /* Release */,
			);
			defaultConfigurationIsVisible = 0;
			defaultConfigurationName = Release;
		};
/* End XCConfigurationList section */
	};
	rootObject = DBFE290E2452B1BA00B4D198 /* Project object */;
}
