// !$*UTF8*$!
{
	archiveVersion = 1;
	classes = {
	};
	objectVersion = 52;
	objects = {

/* Begin PBXBuildFile section */
		DB980EA32499BD9B00208548 /* ProspectsView.swift in Sources */ = {isa = PBXBuildFile; fileRef = DB980EA22499BD9B00208548 /* ProspectsView.swift */; };
		DB980EA52499BDA400208548 /* MeView.swift in Sources */ = {isa = PBXBuildFile; fileRef = DB980EA42499BDA400208548 /* MeView.swift */; };
		DB980EA72499BEC900208548 /* Prospect.swift in Sources */ = {isa = PBXBuildFile; fileRef = DB980EA62499BEC900208548 /* Prospect.swift */; };
		DB980EAA249B355B00208548 /* CodeScanner in Frameworks */ = {isa = PBXBuildFile; productRef = DB980EA9249B355B00208548 /* CodeScanner */; };
		DBA9B4EF2496188300DEDEFD /* AppDelegate.swift in Sources */ = {isa = PBXBuildFile; fileRef = DBA9B4EE2496188300DEDEFD /* AppDelegate.swift */; };
		DBA9B4F12496188300DEDEFD /* SceneDelegate.swift in Sources */ = {isa = PBXBuildFile; fileRef = DBA9B4F02496188300DEDEFD /* SceneDelegate.swift */; };
		DBA9B4F32496188300DEDEFD /* ContentView.swift in Sources */ = {isa = PBXBuildFile; fileRef = DBA9B4F22496188300DEDEFD /* ContentView.swift */; };
		DBA9B4F52496188400DEDEFD /* Assets.xcassets in Resources */ = {isa = PBXBuildFile; fileRef = DBA9B4F42496188400DEDEFD /* Assets.xcassets */; };
		DBA9B4F82496188400DEDEFD /* Preview Assets.xcassets in Resources */ = {isa = PBXBuildFile; fileRef = DBA9B4F72496188400DEDEFD /* Preview Assets.xcassets */; };
		DBA9B4FB2496188400DEDEFD /* LaunchScreen.storyboard in Resources */ = {isa = PBXBuildFile; fileRef = DBA9B4F92496188400DEDEFD /* LaunchScreen.storyboard */; };
		DBA9B50324961D9E00DEDEFD /* DemoCustomValuesEnvironment.swift in Sources */ = {isa = PBXBuildFile; fileRef = DBA9B50224961D9E00DEDEFD /* DemoCustomValuesEnvironment.swift */; };
		DBA9B5062496235D00DEDEFD /* DemoTabView.swift in Sources */ = {isa = PBXBuildFile; fileRef = DBA9B5052496235D00DEDEFD /* DemoTabView.swift */; };
		DBA9B508249760F800DEDEFD /* ResultDemo.swift in Sources */ = {isa = PBXBuildFile; fileRef = DBA9B507249760F800DEDEFD /* ResultDemo.swift */; };
		DBA9B50A249765D400DEDEFD /* ManPublishObsObjChanges.swift in Sources */ = {isa = PBXBuildFile; fileRef = DBA9B509249765D400DEDEFD /* ManPublishObsObjChanges.swift */; };
		DBA9B50C2497675700DEDEFD /* ImageInterpolationDemo.swift in Sources */ = {isa = PBXBuildFile; fileRef = DBA9B50B2497675700DEDEFD /* ImageInterpolationDemo.swift */; };
		DBAABFC4249860F7007D01AC /* ContextMenuDemo.swift in Sources */ = {isa = PBXBuildFile; fileRef = DBAABFC3249860F7007D01AC /* ContextMenuDemo.swift */; };
		DBAABFC6249863D7007D01AC /* NotificationsDemo.swift in Sources */ = {isa = PBXBuildFile; fileRef = DBAABFC5249863D7007D01AC /* NotificationsDemo.swift */; };
		DBAABFC92498655F007D01AC /* SamplePackage in Frameworks */ = {isa = PBXBuildFile; productRef = DBAABFC82498655F007D01AC /* SamplePackage */; };
		DBAABFCB24986590007D01AC /* SwiftPackManDemo.swift in Sources */ = {isa = PBXBuildFile; fileRef = DBAABFCA24986590007D01AC /* SwiftPackManDemo.swift */; };
/* End PBXBuildFile section */

/* Begin PBXFileReference section */
		DB980EA22499BD9B00208548 /* ProspectsView.swift */ = {isa = PBXFileReference; lastKnownFileType = sourcecode.swift; path = ProspectsView.swift; sourceTree = "<group>"; };
		DB980EA42499BDA400208548 /* MeView.swift */ = {isa = PBXFileReference; lastKnownFileType = sourcecode.swift; path = MeView.swift; sourceTree = "<group>"; };
		DB980EA62499BEC900208548 /* Prospect.swift */ = {isa = PBXFileReference; lastKnownFileType = sourcecode.swift; path = Prospect.swift; sourceTree = "<group>"; };
		DBA9B4EB2496188300DEDEFD /* HotProspects.app */ = {isa = PBXFileReference; explicitFileType = wrapper.application; includeInIndex = 0; path = HotProspects.app; sourceTree = BUILT_PRODUCTS_DIR; };
		DBA9B4EE2496188300DEDEFD /* AppDelegate.swift */ = {isa = PBXFileReference; lastKnownFileType = sourcecode.swift; path = AppDelegate.swift; sourceTree = "<group>"; };
		DBA9B4F02496188300DEDEFD /* SceneDelegate.swift */ = {isa = PBXFileReference; lastKnownFileType = sourcecode.swift; path = SceneDelegate.swift; sourceTree = "<group>"; };
		DBA9B4F22496188300DEDEFD /* ContentView.swift */ = {isa = PBXFileReference; lastKnownFileType = sourcecode.swift; path = ContentView.swift; sourceTree = "<group>"; };
		DBA9B4F42496188400DEDEFD /* Assets.xcassets */ = {isa = PBXFileReference; lastKnownFileType = folder.assetcatalog; path = Assets.xcassets; sourceTree = "<group>"; };
		DBA9B4F72496188400DEDEFD /* Preview Assets.xcassets */ = {isa = PBXFileReference; lastKnownFileType = folder.assetcatalog; path = "Preview Assets.xcassets"; sourceTree = "<group>"; };
		DBA9B4FA2496188400DEDEFD /* Base */ = {isa = PBXFileReference; lastKnownFileType = file.storyboard; name = Base; path = Base.lproj/LaunchScreen.storyboard; sourceTree = "<group>"; };
		DBA9B4FC2496188400DEDEFD /* Info.plist */ = {isa = PBXFileReference; lastKnownFileType = text.plist.xml; path = Info.plist; sourceTree = "<group>"; };
		DBA9B50224961D9E00DEDEFD /* DemoCustomValuesEnvironment.swift */ = {isa = PBXFileReference; lastKnownFileType = sourcecode.swift; path = DemoCustomValuesEnvironment.swift; sourceTree = "<group>"; };
		DBA9B5052496235D00DEDEFD /* DemoTabView.swift */ = {isa = PBXFileReference; lastKnownFileType = sourcecode.swift; path = DemoTabView.swift; sourceTree = "<group>"; };
		DBA9B507249760F800DEDEFD /* ResultDemo.swift */ = {isa = PBXFileReference; lastKnownFileType = sourcecode.swift; path = ResultDemo.swift; sourceTree = "<group>"; };
		DBA9B509249765D400DEDEFD /* ManPublishObsObjChanges.swift */ = {isa = PBXFileReference; lastKnownFileType = sourcecode.swift; path = ManPublishObsObjChanges.swift; sourceTree = "<group>"; };
		DBA9B50B2497675700DEDEFD /* ImageInterpolationDemo.swift */ = {isa = PBXFileReference; lastKnownFileType = sourcecode.swift; path = ImageInterpolationDemo.swift; sourceTree = "<group>"; };
		DBAABFC3249860F7007D01AC /* ContextMenuDemo.swift */ = {isa = PBXFileReference; lastKnownFileType = sourcecode.swift; path = ContextMenuDemo.swift; sourceTree = "<group>"; };
		DBAABFC5249863D7007D01AC /* NotificationsDemo.swift */ = {isa = PBXFileReference; lastKnownFileType = sourcecode.swift; path = NotificationsDemo.swift; sourceTree = "<group>"; };
		DBAABFCA24986590007D01AC /* SwiftPackManDemo.swift */ = {isa = PBXFileReference; lastKnownFileType = sourcecode.swift; path = SwiftPackManDemo.swift; sourceTree = "<group>"; };
/* End PBXFileReference section */

/* Begin PBXFrameworksBuildPhase section */
		DBA9B4E82496188300DEDEFD /* Frameworks */ = {
			isa = PBXFrameworksBuildPhase;
			buildActionMask = 2147483647;
			files = (
				DB980EAA249B355B00208548 /* CodeScanner in Frameworks */,
				DBAABFC92498655F007D01AC /* SamplePackage in Frameworks */,
			);
			runOnlyForDeploymentPostprocessing = 0;
		};
/* End PBXFrameworksBuildPhase section */

/* Begin PBXGroup section */
		DB980EA12499BD9000208548 /* Views */ = {
			isa = PBXGroup;
			children = (
				DBA9B4F22496188300DEDEFD /* ContentView.swift */,
				DB980EA22499BD9B00208548 /* ProspectsView.swift */,
				DB980EA42499BDA400208548 /* MeView.swift */,
			);
			path = Views;
			sourceTree = "<group>";
		};
		DBA9B4E22496188300DEDEFD = {
			isa = PBXGroup;
			children = (
				DBA9B4ED2496188300DEDEFD /* HotProspects */,
				DBA9B4EC2496188300DEDEFD /* Products */,
			);
			sourceTree = "<group>";
		};
		DBA9B4EC2496188300DEDEFD /* Products */ = {
			isa = PBXGroup;
			children = (
				DBA9B4EB2496188300DEDEFD /* HotProspects.app */,
			);
			name = Products;
			sourceTree = "<group>";
		};
		DBA9B4ED2496188300DEDEFD /* HotProspects */ = {
			isa = PBXGroup;
			children = (
				DB980EA62499BEC900208548 /* Prospect.swift */,
				DB980EA12499BD9000208548 /* Views */,
				DBA9B50424961DA500DEDEFD /* Demo */,
				DBA9B4F42496188400DEDEFD /* Assets.xcassets */,
				DBA9B4EE2496188300DEDEFD /* AppDelegate.swift */,
				DBA9B4F02496188300DEDEFD /* SceneDelegate.swift */,
				DBA9B4F92496188400DEDEFD /* LaunchScreen.storyboard */,
				DBA9B4FC2496188400DEDEFD /* Info.plist */,
				DBA9B4F62496188400DEDEFD /* Preview Content */,
			);
			path = HotProspects;
			sourceTree = "<group>";
		};
		DBA9B4F62496188400DEDEFD /* Preview Content */ = {
			isa = PBXGroup;
			children = (
				DBA9B4F72496188400DEDEFD /* Preview Assets.xcassets */,
			);
			path = "Preview Content";
			sourceTree = "<group>";
		};
		DBA9B50424961DA500DEDEFD /* Demo */ = {
			isa = PBXGroup;
			children = (
				DBA9B50224961D9E00DEDEFD /* DemoCustomValuesEnvironment.swift */,
				DBA9B5052496235D00DEDEFD /* DemoTabView.swift */,
				DBA9B507249760F800DEDEFD /* ResultDemo.swift */,
				DBA9B509249765D400DEDEFD /* ManPublishObsObjChanges.swift */,
				DBA9B50B2497675700DEDEFD /* ImageInterpolationDemo.swift */,
				DBAABFC3249860F7007D01AC /* ContextMenuDemo.swift */,
				DBAABFC5249863D7007D01AC /* NotificationsDemo.swift */,
				DBAABFCA24986590007D01AC /* SwiftPackManDemo.swift */,
			);
			path = Demo;
			sourceTree = "<group>";
		};
/* End PBXGroup section */

/* Begin PBXNativeTarget section */
		DBA9B4EA2496188300DEDEFD /* HotProspects */ = {
			isa = PBXNativeTarget;
			buildConfigurationList = DBA9B4FF2496188400DEDEFD /* Build configuration list for PBXNativeTarget "HotProspects" */;
			buildPhases = (
				DBA9B4E72496188300DEDEFD /* Sources */,
				DBA9B4E82496188300DEDEFD /* Frameworks */,
				DBA9B4E92496188300DEDEFD /* Resources */,
			);
			buildRules = (
			);
			dependencies = (
			);
			name = HotProspects;
			packageProductDependencies = (
				DBAABFC82498655F007D01AC /* SamplePackage */,
				DB980EA9249B355B00208548 /* CodeScanner */,
			);
			productName = HotProspects;
			productReference = DBA9B4EB2496188300DEDEFD /* HotProspects.app */;
			productType = "com.apple.product-type.application";
		};
/* End PBXNativeTarget section */

/* Begin PBXProject section */
		DBA9B4E32496188300DEDEFD /* Project object */ = {
			isa = PBXProject;
			attributes = {
				LastSwiftUpdateCheck = 1150;
				LastUpgradeCheck = 1150;
				ORGANIZATIONNAME = "Victor Rolando Sanchez Jara";
				TargetAttributes = {
					DBA9B4EA2496188300DEDEFD = {
						CreatedOnToolsVersion = 11.5;
					};
				};
			};
			buildConfigurationList = DBA9B4E62496188300DEDEFD /* Build configuration list for PBXProject "HotProspects" */;
			compatibilityVersion = "Xcode 9.3";
			developmentRegion = en;
			hasScannedForEncodings = 0;
			knownRegions = (
				en,
				Base,
			);
			mainGroup = DBA9B4E22496188300DEDEFD;
			packageReferences = (
				DBAABFC72498655F007D01AC /* XCRemoteSwiftPackageReference "SamplePackage" */,
				DB980EA8249B355B00208548 /* XCRemoteSwiftPackageReference "CodeScanner" */,
			);
			productRefGroup = DBA9B4EC2496188300DEDEFD /* Products */;
			projectDirPath = "";
			projectRoot = "";
			targets = (
				DBA9B4EA2496188300DEDEFD /* HotProspects */,
			);
		};
/* End PBXProject section */

/* Begin PBXResourcesBuildPhase section */
		DBA9B4E92496188300DEDEFD /* Resources */ = {
			isa = PBXResourcesBuildPhase;
			buildActionMask = 2147483647;
			files = (
				DBA9B4FB2496188400DEDEFD /* LaunchScreen.storyboard in Resources */,
				DBA9B4F82496188400DEDEFD /* Preview Assets.xcassets in Resources */,
				DBA9B4F52496188400DEDEFD /* Assets.xcassets in Resources */,
			);
			runOnlyForDeploymentPostprocessing = 0;
		};
/* End PBXResourcesBuildPhase section */

/* Begin PBXSourcesBuildPhase section */
		DBA9B4E72496188300DEDEFD /* Sources */ = {
			isa = PBXSourcesBuildPhase;
			buildActionMask = 2147483647;
			files = (
				DB980EA32499BD9B00208548 /* ProspectsView.swift in Sources */,
				DBA9B4EF2496188300DEDEFD /* AppDelegate.swift in Sources */,
				DBA9B4F12496188300DEDEFD /* SceneDelegate.swift in Sources */,
				DB980EA72499BEC900208548 /* Prospect.swift in Sources */,
				DBAABFC4249860F7007D01AC /* ContextMenuDemo.swift in Sources */,
				DBA9B4F32496188300DEDEFD /* ContentView.swift in Sources */,
				DBA9B5062496235D00DEDEFD /* DemoTabView.swift in Sources */,
				DBA9B50A249765D400DEDEFD /* ManPublishObsObjChanges.swift in Sources */,
				DBA9B50324961D9E00DEDEFD /* DemoCustomValuesEnvironment.swift in Sources */,
				DBAABFC6249863D7007D01AC /* NotificationsDemo.swift in Sources */,
				DBA9B508249760F800DEDEFD /* ResultDemo.swift in Sources */,
				DBAABFCB24986590007D01AC /* SwiftPackManDemo.swift in Sources */,
				DBA9B50C2497675700DEDEFD /* ImageInterpolationDemo.swift in Sources */,
				DB980EA52499BDA400208548 /* MeView.swift in Sources */,
			);
			runOnlyForDeploymentPostprocessing = 0;
		};
/* End PBXSourcesBuildPhase section */

/* Begin PBXVariantGroup section */
		DBA9B4F92496188400DEDEFD /* LaunchScreen.storyboard */ = {
			isa = PBXVariantGroup;
			children = (
				DBA9B4FA2496188400DEDEFD /* Base */,
			);
			name = LaunchScreen.storyboard;
			sourceTree = "<group>";
		};
/* End PBXVariantGroup section */

/* Begin XCBuildConfiguration section */
		DBA9B4FD2496188400DEDEFD /* Debug */ = {
			isa = XCBuildConfiguration;
			buildSettings = {
				ALWAYS_SEARCH_USER_PATHS = NO;
				CLANG_ANALYZER_NONNULL = YES;
				CLANG_ANALYZER_NUMBER_OBJECT_CONVERSION = YES_AGGRESSIVE;
				CLANG_CXX_LANGUAGE_STANDARD = "gnu++14";
				CLANG_CXX_LIBRARY = "libc++";
				CLANG_ENABLE_MODULES = YES;
				CLANG_ENABLE_OBJC_ARC = YES;
				CLANG_ENABLE_OBJC_WEAK = YES;
				CLANG_WARN_BLOCK_CAPTURE_AUTORELEASING = YES;
				CLANG_WARN_BOOL_CONVERSION = YES;
				CLANG_WARN_COMMA = YES;
				CLANG_WARN_CONSTANT_CONVERSION = YES;
				CLANG_WARN_DEPRECATED_OBJC_IMPLEMENTATIONS = YES;
				CLANG_WARN_DIRECT_OBJC_ISA_USAGE = YES_ERROR;
				CLANG_WARN_DOCUMENTATION_COMMENTS = YES;
				CLANG_WARN_EMPTY_BODY = YES;
				CLANG_WARN_ENUM_CONVERSION = YES;
				CLANG_WARN_INFINITE_RECURSION = YES;
				CLANG_WARN_INT_CONVERSION = YES;
				CLANG_WARN_NON_LITERAL_NULL_CONVERSION = YES;
				CLANG_WARN_OBJC_IMPLICIT_RETAIN_SELF = YES;
				CLANG_WARN_OBJC_LITERAL_CONVERSION = YES;
				CLANG_WARN_OBJC_ROOT_CLASS = YES_ERROR;
				CLANG_WARN_RANGE_LOOP_ANALYSIS = YES;
				CLANG_WARN_STRICT_PROTOTYPES = YES;
				CLANG_WARN_SUSPICIOUS_MOVE = YES;
				CLANG_WARN_UNGUARDED_AVAILABILITY = YES_AGGRESSIVE;
				CLANG_WARN_UNREACHABLE_CODE = YES;
				CLANG_WARN__DUPLICATE_METHOD_MATCH = YES;
				COPY_PHASE_STRIP = NO;
				DEBUG_INFORMATION_FORMAT = dwarf;
				ENABLE_STRICT_OBJC_MSGSEND = YES;
				ENABLE_TESTABILITY = YES;
				GCC_C_LANGUAGE_STANDARD = gnu11;
				GCC_DYNAMIC_NO_PIC = NO;
				GCC_NO_COMMON_BLOCKS = YES;
				GCC_OPTIMIZATION_LEVEL = 0;
				GCC_PREPROCESSOR_DEFINITIONS = (
					"DEBUG=1",
					"$(inherited)",
				);
				GCC_WARN_64_TO_32_BIT_CONVERSION = YES;
				GCC_WARN_ABOUT_RETURN_TYPE = YES_ERROR;
				GCC_WARN_UNDECLARED_SELECTOR = YES;
				GCC_WARN_UNINITIALIZED_AUTOS = YES_AGGRESSIVE;
				GCC_WARN_UNUSED_FUNCTION = YES;
				GCC_WARN_UNUSED_VARIABLE = YES;
				IPHONEOS_DEPLOYMENT_TARGET = 13.5;
				MTL_ENABLE_DEBUG_INFO = INCLUDE_SOURCE;
				MTL_FAST_MATH = YES;
				ONLY_ACTIVE_ARCH = YES;
				SDKROOT = iphoneos;
				SWIFT_ACTIVE_COMPILATION_CONDITIONS = DEBUG;
				SWIFT_OPTIMIZATION_LEVEL = "-Onone";
			};
			name = Debug;
		};
		DBA9B4FE2496188400DEDEFD /* Release */ = {
			isa = XCBuildConfiguration;
			buildSettings = {
				ALWAYS_SEARCH_USER_PATHS = NO;
				CLANG_ANALYZER_NONNULL = YES;
				CLANG_ANALYZER_NUMBER_OBJECT_CONVERSION = YES_AGGRESSIVE;
				CLANG_CXX_LANGUAGE_STANDARD = "gnu++14";
				CLANG_CXX_LIBRARY = "libc++";
				CLANG_ENABLE_MODULES = YES;
				CLANG_ENABLE_OBJC_ARC = YES;
				CLANG_ENABLE_OBJC_WEAK = YES;
				CLANG_WARN_BLOCK_CAPTURE_AUTORELEASING = YES;
				CLANG_WARN_BOOL_CONVERSION = YES;
				CLANG_WARN_COMMA = YES;
				CLANG_WARN_CONSTANT_CONVERSION = YES;
				CLANG_WARN_DEPRECATED_OBJC_IMPLEMENTATIONS = YES;
				CLANG_WARN_DIRECT_OBJC_ISA_USAGE = YES_ERROR;
				CLANG_WARN_DOCUMENTATION_COMMENTS = YES;
				CLANG_WARN_EMPTY_BODY = YES;
				CLANG_WARN_ENUM_CONVERSION = YES;
				CLANG_WARN_INFINITE_RECURSION = YES;
				CLANG_WARN_INT_CONVERSION = YES;
				CLANG_WARN_NON_LITERAL_NULL_CONVERSION = YES;
				CLANG_WARN_OBJC_IMPLICIT_RETAIN_SELF = YES;
				CLANG_WARN_OBJC_LITERAL_CONVERSION = YES;
				CLANG_WARN_OBJC_ROOT_CLASS = YES_ERROR;
				CLANG_WARN_RANGE_LOOP_ANALYSIS = YES;
				CLANG_WARN_STRICT_PROTOTYPES = YES;
				CLANG_WARN_SUSPICIOUS_MOVE = YES;
				CLANG_WARN_UNGUARDED_AVAILABILITY = YES_AGGRESSIVE;
				CLANG_WARN_UNREACHABLE_CODE = YES;
				CLANG_WARN__DUPLICATE_METHOD_MATCH = YES;
				COPY_PHASE_STRIP = NO;
				DEBUG_INFORMATION_FORMAT = "dwarf-with-dsym";
				ENABLE_NS_ASSERTIONS = NO;
				ENABLE_STRICT_OBJC_MSGSEND = YES;
				GCC_C_LANGUAGE_STANDARD = gnu11;
				GCC_NO_COMMON_BLOCKS = YES;
				GCC_WARN_64_TO_32_BIT_CONVERSION = YES;
				GCC_WARN_ABOUT_RETURN_TYPE = YES_ERROR;
				GCC_WARN_UNDECLARED_SELECTOR = YES;
				GCC_WARN_UNINITIALIZED_AUTOS = YES_AGGRESSIVE;
				GCC_WARN_UNUSED_FUNCTION = YES;
				GCC_WARN_UNUSED_VARIABLE = YES;
				IPHONEOS_DEPLOYMENT_TARGET = 13.5;
				MTL_ENABLE_DEBUG_INFO = NO;
				MTL_FAST_MATH = YES;
				SDKROOT = iphoneos;
				SWIFT_COMPILATION_MODE = wholemodule;
				SWIFT_OPTIMIZATION_LEVEL = "-O";
				VALIDATE_PRODUCT = YES;
			};
			name = Release;
		};
		DBA9B5002496188400DEDEFD /* Debug */ = {
			isa = XCBuildConfiguration;
			buildSettings = {
				ASSETCATALOG_COMPILER_APPICON_NAME = AppIcon;
				CODE_SIGN_STYLE = Automatic;
				DEVELOPMENT_ASSET_PATHS = "\"HotProspects/Preview Content\"";
				DEVELOPMENT_TEAM = 3GGDA583PP;
				ENABLE_PREVIEWS = YES;
				INFOPLIST_FILE = HotProspects/Info.plist;
				LD_RUNPATH_SEARCH_PATHS = (
					"$(inherited)",
					"@executable_path/Frameworks",
				);
				PRODUCT_BUNDLE_IDENTIFIER = com.vrsj.HotProspects;
				PRODUCT_NAME = "$(TARGET_NAME)";
				SWIFT_VERSION = 5.0;
				TARGETED_DEVICE_FAMILY = "1,2";
			};
			name = Debug;
		};
		DBA9B5012496188400DEDEFD /* Release */ = {
			isa = XCBuildConfiguration;
			buildSettings = {
				ASSETCATALOG_COMPILER_APPICON_NAME = AppIcon;
				CODE_SIGN_STYLE = Automatic;
				DEVELOPMENT_ASSET_PATHS = "\"HotProspects/Preview Content\"";
				DEVELOPMENT_TEAM = 3GGDA583PP;
				ENABLE_PREVIEWS = YES;
				INFOPLIST_FILE = HotProspects/Info.plist;
				LD_RUNPATH_SEARCH_PATHS = (
					"$(inherited)",
					"@executable_path/Frameworks",
				);
				PRODUCT_BUNDLE_IDENTIFIER = com.vrsj.HotProspects;
				PRODUCT_NAME = "$(TARGET_NAME)";
				SWIFT_VERSION = 5.0;
				TARGETED_DEVICE_FAMILY = "1,2";
			};
			name = Release;
		};
/* End XCBuildConfiguration section */

/* Begin XCConfigurationList section */
		DBA9B4E62496188300DEDEFD /* Build configuration list for PBXProject "HotProspects" */ = {
			isa = XCConfigurationList;
			buildConfigurations = (
				DBA9B4FD2496188400DEDEFD /* Debug */,
				DBA9B4FE2496188400DEDEFD /* Release */,
			);
			defaultConfigurationIsVisible = 0;
			defaultConfigurationName = Release;
		};
		DBA9B4FF2496188400DEDEFD /* Build configuration list for PBXNativeTarget "HotProspects" */ = {
			isa = XCConfigurationList;
			buildConfigurations = (
				DBA9B5002496188400DEDEFD /* Debug */,
				DBA9B5012496188400DEDEFD /* Release */,
			);
			defaultConfigurationIsVisible = 0;
			defaultConfigurationName = Release;
		};
/* End XCConfigurationList section */

/* Begin XCRemoteSwiftPackageReference section */
		DB980EA8249B355B00208548 /* XCRemoteSwiftPackageReference "CodeScanner" */ = {
			isa = XCRemoteSwiftPackageReference;
			repositoryURL = "https://github.com/twostraws/CodeScanner";
			requirement = {
				kind = upToNextMajorVersion;
				minimumVersion = 1.0.6;
			};
		};
		DBAABFC72498655F007D01AC /* XCRemoteSwiftPackageReference "SamplePackage" */ = {
			isa = XCRemoteSwiftPackageReference;
			repositoryURL = "https://github.com/twostraws/SamplePackage";
			requirement = {
				kind = upToNextMajorVersion;
				minimumVersion = 1.0.0;
			};
		};
/* End XCRemoteSwiftPackageReference section */

/* Begin XCSwiftPackageProductDependency section */
		DB980EA9249B355B00208548 /* CodeScanner */ = {
			isa = XCSwiftPackageProductDependency;
			package = DB980EA8249B355B00208548 /* XCRemoteSwiftPackageReference "CodeScanner" */;
			productName = CodeScanner;
		};
		DBAABFC82498655F007D01AC /* SamplePackage */ = {
			isa = XCSwiftPackageProductDependency;
			package = DBAABFC72498655F007D01AC /* XCRemoteSwiftPackageReference "SamplePackage" */;
			productName = SamplePackage;
		};
/* End XCSwiftPackageProductDependency section */
	};
	rootObject = DBA9B4E32496188300DEDEFD /* Project object */;
}
