// !$*UTF8*$!
{
	archiveVersion = 1;
	classes = {
	};
	objectVersion = 50;
	objects = {

/* Begin PBXBuildFile section */
		DB2AF3EA247E1817007560E0 /* AppDelegate.swift in Sources */ = {isa = PBXBuildFile; fileRef = DB2AF3E9247E1817007560E0 /* AppDelegate.swift */; };
		DB2AF3EC247E1817007560E0 /* SceneDelegate.swift in Sources */ = {isa = PBXBuildFile; fileRef = DB2AF3EB247E1817007560E0 /* SceneDelegate.swift */; };
		DB2AF3EE247E1817007560E0 /* ContentView.swift in Sources */ = {isa = PBXBuildFile; fileRef = DB2AF3ED247E1817007560E0 /* ContentView.swift */; };
		DB2AF3F0247E1818007560E0 /* Assets.xcassets in Resources */ = {isa = PBXBuildFile; fileRef = DB2AF3EF247E1818007560E0 /* Assets.xcassets */; };
		DB2AF3F3247E1818007560E0 /* Preview Assets.xcassets in Resources */ = {isa = PBXBuildFile; fileRef = DB2AF3F2247E1818007560E0 /* Preview Assets.xcassets */; };
		DB2AF3F6247E1818007560E0 /* LaunchScreen.storyboard in Resources */ = {isa = PBXBuildFile; fileRef = DB2AF3F4247E1818007560E0 /* LaunchScreen.storyboard */; };
		DB2AF3FF247E2278007560E0 /* PropertyWrapperStructs.swift in Sources */ = {isa = PBXBuildFile; fileRef = DB2AF3FE247E2278007560E0 /* PropertyWrapperStructs.swift */; };
		DB2AF401247E2411007560E0 /* CustomBindingsDemo.swift in Sources */ = {isa = PBXBuildFile; fileRef = DB2AF400247E2411007560E0 /* CustomBindingsDemo.swift */; };
		DB2AF403247E2B03007560E0 /* MultipleOptionsActionSheet.swift in Sources */ = {isa = PBXBuildFile; fileRef = DB2AF402247E2B03007560E0 /* MultipleOptionsActionSheet.swift */; };
/* End PBXBuildFile section */

/* Begin PBXFileReference section */
		DB2AF3E6247E1817007560E0 /* InstaFilter.app */ = {isa = PBXFileReference; explicitFileType = wrapper.application; includeInIndex = 0; path = InstaFilter.app; sourceTree = BUILT_PRODUCTS_DIR; };
		DB2AF3E9247E1817007560E0 /* AppDelegate.swift */ = {isa = PBXFileReference; lastKnownFileType = sourcecode.swift; path = AppDelegate.swift; sourceTree = "<group>"; };
		DB2AF3EB247E1817007560E0 /* SceneDelegate.swift */ = {isa = PBXFileReference; lastKnownFileType = sourcecode.swift; path = SceneDelegate.swift; sourceTree = "<group>"; };
		DB2AF3ED247E1817007560E0 /* ContentView.swift */ = {isa = PBXFileReference; lastKnownFileType = sourcecode.swift; path = ContentView.swift; sourceTree = "<group>"; };
		DB2AF3EF247E1818007560E0 /* Assets.xcassets */ = {isa = PBXFileReference; lastKnownFileType = folder.assetcatalog; path = Assets.xcassets; sourceTree = "<group>"; };
		DB2AF3F2247E1818007560E0 /* Preview Assets.xcassets */ = {isa = PBXFileReference; lastKnownFileType = folder.assetcatalog; path = "Preview Assets.xcassets"; sourceTree = "<group>"; };
		DB2AF3F5247E1818007560E0 /* Base */ = {isa = PBXFileReference; lastKnownFileType = file.storyboard; name = Base; path = Base.lproj/LaunchScreen.storyboard; sourceTree = "<group>"; };
		DB2AF3F7247E1818007560E0 /* Info.plist */ = {isa = PBXFileReference; lastKnownFileType = text.plist.xml; path = Info.plist; sourceTree = "<group>"; };
		DB2AF3FE247E2278007560E0 /* PropertyWrapperStructs.swift */ = {isa = PBXFileReference; lastKnownFileType = sourcecode.swift; path = PropertyWrapperStructs.swift; sourceTree = "<group>"; };
		DB2AF400247E2411007560E0 /* CustomBindingsDemo.swift */ = {isa = PBXFileReference; lastKnownFileType = sourcecode.swift; path = CustomBindingsDemo.swift; sourceTree = "<group>"; };
		DB2AF402247E2B03007560E0 /* MultipleOptionsActionSheet.swift */ = {isa = PBXFileReference; lastKnownFileType = sourcecode.swift; path = MultipleOptionsActionSheet.swift; sourceTree = "<group>"; };
/* End PBXFileReference section */

/* Begin PBXFrameworksBuildPhase section */
		DB2AF3E3247E1817007560E0 /* Frameworks */ = {
			isa = PBXFrameworksBuildPhase;
			buildActionMask = 2147483647;
			files = (
			);
			runOnlyForDeploymentPostprocessing = 0;
		};
/* End PBXFrameworksBuildPhase section */

/* Begin PBXGroup section */
		DB2AF3DD247E1817007560E0 = {
			isa = PBXGroup;
			children = (
				DB2AF3E8247E1817007560E0 /* InstaFilter */,
				DB2AF3E7247E1817007560E0 /* Products */,
			);
			sourceTree = "<group>";
		};
		DB2AF3E7247E1817007560E0 /* Products */ = {
			isa = PBXGroup;
			children = (
				DB2AF3E6247E1817007560E0 /* InstaFilter.app */,
			);
			name = Products;
			sourceTree = "<group>";
		};
		DB2AF3E8247E1817007560E0 /* InstaFilter */ = {
			isa = PBXGroup;
			children = (
				DB2AF3FD247E226C007560E0 /* Demo */,
				DB2AF3E9247E1817007560E0 /* AppDelegate.swift */,
				DB2AF3EB247E1817007560E0 /* SceneDelegate.swift */,
				DB2AF3ED247E1817007560E0 /* ContentView.swift */,
				DB2AF3EF247E1818007560E0 /* Assets.xcassets */,
				DB2AF3F4247E1818007560E0 /* LaunchScreen.storyboard */,
				DB2AF3F7247E1818007560E0 /* Info.plist */,
				DB2AF3F1247E1818007560E0 /* Preview Content */,
			);
			path = InstaFilter;
			sourceTree = "<group>";
		};
		DB2AF3F1247E1818007560E0 /* Preview Content */ = {
			isa = PBXGroup;
			children = (
				DB2AF3F2247E1818007560E0 /* Preview Assets.xcassets */,
			);
			path = "Preview Content";
			sourceTree = "<group>";
		};
		DB2AF3FD247E226C007560E0 /* Demo */ = {
			isa = PBXGroup;
			children = (
				DB2AF3FE247E2278007560E0 /* PropertyWrapperStructs.swift */,
				DB2AF400247E2411007560E0 /* CustomBindingsDemo.swift */,
				DB2AF402247E2B03007560E0 /* MultipleOptionsActionSheet.swift */,
			);
			path = Demo;
			sourceTree = "<group>";
		};
/* End PBXGroup section */

/* Begin PBXNativeTarget section */
		DB2AF3E5247E1817007560E0 /* InstaFilter */ = {
			isa = PBXNativeTarget;
			buildConfigurationList = DB2AF3FA247E1818007560E0 /* Build configuration list for PBXNativeTarget "InstaFilter" */;
			buildPhases = (
				DB2AF3E2247E1817007560E0 /* Sources */,
				DB2AF3E3247E1817007560E0 /* Frameworks */,
				DB2AF3E4247E1817007560E0 /* Resources */,
			);
			buildRules = (
			);
			dependencies = (
			);
			name = InstaFilter;
			productName = InstaFilter;
			productReference = DB2AF3E6247E1817007560E0 /* InstaFilter.app */;
			productType = "com.apple.product-type.application";
		};
/* End PBXNativeTarget section */

/* Begin PBXProject section */
		DB2AF3DE247E1817007560E0 /* Project object */ = {
			isa = PBXProject;
			attributes = {
				LastSwiftUpdateCheck = 1150;
				LastUpgradeCheck = 1150;
				ORGANIZATIONNAME = "Victor Rolando Sanchez Jara";
				TargetAttributes = {
					DB2AF3E5247E1817007560E0 = {
						CreatedOnToolsVersion = 11.5;
					};
				};
			};
			buildConfigurationList = DB2AF3E1247E1817007560E0 /* Build configuration list for PBXProject "InstaFilter" */;
			compatibilityVersion = "Xcode 9.3";
			developmentRegion = en;
			hasScannedForEncodings = 0;
			knownRegions = (
				en,
				Base,
			);
			mainGroup = DB2AF3DD247E1817007560E0;
			productRefGroup = DB2AF3E7247E1817007560E0 /* Products */;
			projectDirPath = "";
			projectRoot = "";
			targets = (
				DB2AF3E5247E1817007560E0 /* InstaFilter */,
			);
		};
/* End PBXProject section */

/* Begin PBXResourcesBuildPhase section */
		DB2AF3E4247E1817007560E0 /* Resources */ = {
			isa = PBXResourcesBuildPhase;
			buildActionMask = 2147483647;
			files = (
				DB2AF3F6247E1818007560E0 /* LaunchScreen.storyboard in Resources */,
				DB2AF3F3247E1818007560E0 /* Preview Assets.xcassets in Resources */,
				DB2AF3F0247E1818007560E0 /* Assets.xcassets in Resources */,
			);
			runOnlyForDeploymentPostprocessing = 0;
		};
/* End PBXResourcesBuildPhase section */

/* Begin PBXSourcesBuildPhase section */
		DB2AF3E2247E1817007560E0 /* Sources */ = {
			isa = PBXSourcesBuildPhase;
			buildActionMask = 2147483647;
			files = (
				DB2AF3EA247E1817007560E0 /* AppDelegate.swift in Sources */,
				DB2AF401247E2411007560E0 /* CustomBindingsDemo.swift in Sources */,
				DB2AF3FF247E2278007560E0 /* PropertyWrapperStructs.swift in Sources */,
				DB2AF3EC247E1817007560E0 /* SceneDelegate.swift in Sources */,
				DB2AF403247E2B03007560E0 /* MultipleOptionsActionSheet.swift in Sources */,
				DB2AF3EE247E1817007560E0 /* ContentView.swift in Sources */,
			);
			runOnlyForDeploymentPostprocessing = 0;
		};
/* End PBXSourcesBuildPhase section */

/* Begin PBXVariantGroup section */
		DB2AF3F4247E1818007560E0 /* LaunchScreen.storyboard */ = {
			isa = PBXVariantGroup;
			children = (
				DB2AF3F5247E1818007560E0 /* Base */,
			);
			name = LaunchScreen.storyboard;
			sourceTree = "<group>";
		};
/* End PBXVariantGroup section */

/* Begin XCBuildConfiguration section */
		DB2AF3F8247E1818007560E0 /* Debug */ = {
			isa = XCBuildConfiguration;
			buildSettings = {
				ALWAYS_SEARCH_USER_PATHS = NO;
				CLANG_ANALYZER_NONNULL = YES;
				CLANG_ANALYZER_NUMBER_OBJECT_CONVERSION = YES_AGGRESSIVE;
				CLANG_CXX_LANGUAGE_STANDARD = "gnu++14";
				CLANG_CXX_LIBRARY = "libc++";
				CLANG_ENABLE_MODULES = YES;
				CLANG_ENABLE_OBJC_ARC = YES;
				CLANG_ENABLE_OBJC_WEAK = YES;
				CLANG_WARN_BLOCK_CAPTURE_AUTORELEASING = YES;
				CLANG_WARN_BOOL_CONVERSION = YES;
				CLANG_WARN_COMMA = YES;
				CLANG_WARN_CONSTANT_CONVERSION = YES;
				CLANG_WARN_DEPRECATED_OBJC_IMPLEMENTATIONS = YES;
				CLANG_WARN_DIRECT_OBJC_ISA_USAGE = YES_ERROR;
				CLANG_WARN_DOCUMENTATION_COMMENTS = YES;
				CLANG_WARN_EMPTY_BODY = YES;
				CLANG_WARN_ENUM_CONVERSION = YES;
				CLANG_WARN_INFINITE_RECURSION = YES;
				CLANG_WARN_INT_CONVERSION = YES;
				CLANG_WARN_NON_LITERAL_NULL_CONVERSION = YES;
				CLANG_WARN_OBJC_IMPLICIT_RETAIN_SELF = YES;
				CLANG_WARN_OBJC_LITERAL_CONVERSION = YES;
				CLANG_WARN_OBJC_ROOT_CLASS = YES_ERROR;
				CLANG_WARN_RANGE_LOOP_ANALYSIS = YES;
				CLANG_WARN_STRICT_PROTOTYPES = YES;
				CLANG_WARN_SUSPICIOUS_MOVE = YES;
				CLANG_WARN_UNGUARDED_AVAILABILITY = YES_AGGRESSIVE;
				CLANG_WARN_UNREACHABLE_CODE = YES;
				CLANG_WARN__DUPLICATE_METHOD_MATCH = YES;
				COPY_PHASE_STRIP = NO;
				DEBUG_INFORMATION_FORMAT = dwarf;
				ENABLE_STRICT_OBJC_MSGSEND = YES;
				ENABLE_TESTABILITY = YES;
				GCC_C_LANGUAGE_STANDARD = gnu11;
				GCC_DYNAMIC_NO_PIC = NO;
				GCC_NO_COMMON_BLOCKS = YES;
				GCC_OPTIMIZATION_LEVEL = 0;
				GCC_PREPROCESSOR_DEFINITIONS = (
					"DEBUG=1",
					"$(inherited)",
				);
				GCC_WARN_64_TO_32_BIT_CONVERSION = YES;
				GCC_WARN_ABOUT_RETURN_TYPE = YES_ERROR;
				GCC_WARN_UNDECLARED_SELECTOR = YES;
				GCC_WARN_UNINITIALIZED_AUTOS = YES_AGGRESSIVE;
				GCC_WARN_UNUSED_FUNCTION = YES;
				GCC_WARN_UNUSED_VARIABLE = YES;
				IPHONEOS_DEPLOYMENT_TARGET = 13.5;
				MTL_ENABLE_DEBUG_INFO = INCLUDE_SOURCE;
				MTL_FAST_MATH = YES;
				ONLY_ACTIVE_ARCH = YES;
				SDKROOT = iphoneos;
				SWIFT_ACTIVE_COMPILATION_CONDITIONS = DEBUG;
				SWIFT_OPTIMIZATION_LEVEL = "-Onone";
			};
			name = Debug;
		};
		DB2AF3F9247E1818007560E0 /* Release */ = {
			isa = XCBuildConfiguration;
			buildSettings = {
				ALWAYS_SEARCH_USER_PATHS = NO;
				CLANG_ANALYZER_NONNULL = YES;
				CLANG_ANALYZER_NUMBER_OBJECT_CONVERSION = YES_AGGRESSIVE;
				CLANG_CXX_LANGUAGE_STANDARD = "gnu++14";
				CLANG_CXX_LIBRARY = "libc++";
				CLANG_ENABLE_MODULES = YES;
				CLANG_ENABLE_OBJC_ARC = YES;
				CLANG_ENABLE_OBJC_WEAK = YES;
				CLANG_WARN_BLOCK_CAPTURE_AUTORELEASING = YES;
				CLANG_WARN_BOOL_CONVERSION = YES;
				CLANG_WARN_COMMA = YES;
				CLANG_WARN_CONSTANT_CONVERSION = YES;
				CLANG_WARN_DEPRECATED_OBJC_IMPLEMENTATIONS = YES;
				CLANG_WARN_DIRECT_OBJC_ISA_USAGE = YES_ERROR;
				CLANG_WARN_DOCUMENTATION_COMMENTS = YES;
				CLANG_WARN_EMPTY_BODY = YES;
				CLANG_WARN_ENUM_CONVERSION = YES;
				CLANG_WARN_INFINITE_RECURSION = YES;
				CLANG_WARN_INT_CONVERSION = YES;
				CLANG_WARN_NON_LITERAL_NULL_CONVERSION = YES;
				CLANG_WARN_OBJC_IMPLICIT_RETAIN_SELF = YES;
				CLANG_WARN_OBJC_LITERAL_CONVERSION = YES;
				CLANG_WARN_OBJC_ROOT_CLASS = YES_ERROR;
				CLANG_WARN_RANGE_LOOP_ANALYSIS = YES;
				CLANG_WARN_STRICT_PROTOTYPES = YES;
				CLANG_WARN_SUSPICIOUS_MOVE = YES;
				CLANG_WARN_UNGUARDED_AVAILABILITY = YES_AGGRESSIVE;
				CLANG_WARN_UNREACHABLE_CODE = YES;
				CLANG_WARN__DUPLICATE_METHOD_MATCH = YES;
				COPY_PHASE_STRIP = NO;
				DEBUG_INFORMATION_FORMAT = "dwarf-with-dsym";
				ENABLE_NS_ASSERTIONS = NO;
				ENABLE_STRICT_OBJC_MSGSEND = YES;
				GCC_C_LANGUAGE_STANDARD = gnu11;
				GCC_NO_COMMON_BLOCKS = YES;
				GCC_WARN_64_TO_32_BIT_CONVERSION = YES;
				GCC_WARN_ABOUT_RETURN_TYPE = YES_ERROR;
				GCC_WARN_UNDECLARED_SELECTOR = YES;
				GCC_WARN_UNINITIALIZED_AUTOS = YES_AGGRESSIVE;
				GCC_WARN_UNUSED_FUNCTION = YES;
				GCC_WARN_UNUSED_VARIABLE = YES;
				IPHONEOS_DEPLOYMENT_TARGET = 13.5;
				MTL_ENABLE_DEBUG_INFO = NO;
				MTL_FAST_MATH = YES;
				SDKROOT = iphoneos;
				SWIFT_COMPILATION_MODE = wholemodule;
				SWIFT_OPTIMIZATION_LEVEL = "-O";
				VALIDATE_PRODUCT = YES;
			};
			name = Release;
		};
		DB2AF3FB247E1818007560E0 /* Debug */ = {
			isa = XCBuildConfiguration;
			buildSettings = {
				ASSETCATALOG_COMPILER_APPICON_NAME = AppIcon;
				CODE_SIGN_STYLE = Automatic;
				DEVELOPMENT_ASSET_PATHS = "\"InstaFilter/Preview Content\"";
				DEVELOPMENT_TEAM = 3GGDA583PP;
				ENABLE_PREVIEWS = YES;
				INFOPLIST_FILE = InstaFilter/Info.plist;
				LD_RUNPATH_SEARCH_PATHS = (
					"$(inherited)",
					"@executable_path/Frameworks",
				);
				PRODUCT_BUNDLE_IDENTIFIER = com.vrsj.InstaFilter;
				PRODUCT_NAME = "$(TARGET_NAME)";
				SWIFT_VERSION = 5.0;
				TARGETED_DEVICE_FAMILY = "1,2";
			};
			name = Debug;
		};
		DB2AF3FC247E1818007560E0 /* Release */ = {
			isa = XCBuildConfiguration;
			buildSettings = {
				ASSETCATALOG_COMPILER_APPICON_NAME = AppIcon;
				CODE_SIGN_STYLE = Automatic;
				DEVELOPMENT_ASSET_PATHS = "\"InstaFilter/Preview Content\"";
				DEVELOPMENT_TEAM = 3GGDA583PP;
				ENABLE_PREVIEWS = YES;
				INFOPLIST_FILE = InstaFilter/Info.plist;
				LD_RUNPATH_SEARCH_PATHS = (
					"$(inherited)",
					"@executable_path/Frameworks",
				);
				PRODUCT_BUNDLE_IDENTIFIER = com.vrsj.InstaFilter;
				PRODUCT_NAME = "$(TARGET_NAME)";
				SWIFT_VERSION = 5.0;
				TARGETED_DEVICE_FAMILY = "1,2";
			};
			name = Release;
		};
/* End XCBuildConfiguration section */

/* Begin XCConfigurationList section */
		DB2AF3E1247E1817007560E0 /* Build configuration list for PBXProject "InstaFilter" */ = {
			isa = XCConfigurationList;
			buildConfigurations = (
				DB2AF3F8247E1818007560E0 /* Debug */,
				DB2AF3F9247E1818007560E0 /* Release */,
			);
			defaultConfigurationIsVisible = 0;
			defaultConfigurationName = Release;
		};
		DB2AF3FA247E1818007560E0 /* Build configuration list for PBXNativeTarget "InstaFilter" */ = {
			isa = XCConfigurationList;
			buildConfigurations = (
				DB2AF3FB247E1818007560E0 /* Debug */,
				DB2AF3FC247E1818007560E0 /* Release */,
			);
			defaultConfigurationIsVisible = 0;
			defaultConfigurationName = Release;
		};
/* End XCConfigurationList section */
	};
	rootObject = DB2AF3DE247E1817007560E0 /* Project object */;
}
